
Microsoft Visual Studio Solution File, Format Version 12.00
# Visual Studio 15
VisualStudioVersion = 15.0.28010.2026
MinimumVisualStudioVersion = 10.0.40219.1
Project("{9A19103F-16F7-4668-BE54-9A1E7A4F7556}") = "IOBound", "src\IOBound.csproj", "{829B6C17-B10A-45CF-B9E0-F2B995DC1C3A}"
EndProject
Global
	GlobalSection(SolutionConfigurationPlatforms) = preSolution
		Debug|Any CPU = Debug|Any CPU
		Release|Any CPU = Release|Any CPU
	EndGlobalSection
	GlobalSection(ProjectConfigurationPlatforms) = postSolution
		{829B6C17-B10A-45CF-B9E0-F2B995DC1C3A}.Debug|Any CPU.ActiveCfg = Debug|Any CPU
		{829B6C17-B10A-45CF-B9E0-F2B995DC1C3A}.Debug|Any CPU.Build.0 = Debug|Any CPU
		{829B6C17-B10A-45CF-B9E0-F2B995DC1C3A}.Release|Any CPU.ActiveCfg = Release|Any CPU
		{829B6C17-B10A-45CF-B9E0-F2B995DC1C3A}.Release|Any CPU.Build.0 = Release|Any CPU
	EndGlobalSection
	GlobalSection(SolutionProperties) = preSolution
		HideSolutionNode = FALSE
	EndGlobalSection
	GlobalSection(ExtensibilityGlobals) = postSolution
		SolutionGuid = {310B409F-518B-4A2E-8B5E-6799D85DDA5A}
	EndGlobalSection
EndGlobal
